
Microsoft Visual Studio Solution File, Format Version 12.00
# Visual Studio 15
VisualStudioVersion = 15.0.28307.779
MinimumVisualStudioVersion = 10.0.40219.1
Project("{FAE04EC0-301F-11D3-BF4B-00C04F79EFBC}") = "UnityDIMVC", "UnityDIMVC\UnityDIMVC.csproj", "{2368DB9F-7DED-463D-B32E-4612CF1F3700}"
EndProject
Project("{FAE04EC0-301F-11D3-BF4B-00C04F79EFBC}") = "UnityDIMVC.Model", "UnityDIMVC.Model\UnityDIMVC.Model.csproj", "{866BBE87-5226-43A3-A8F0-0E40BA81F028}"
EndProject
Project("{FAE04EC0-301F-11D3-BF4B-00C04F79EFBC}") = "UnityDIMVC.Repository", "UnityDIMVC.Repository\UnityDIMVC.Repository.csproj", "{605F721E-6373-4CA5-A11A-B1A1F59A47C2}"
EndProject
Project("{FAE04EC0-301F-11D3-BF4B-00C04F79EFBC}") = "UnityDIMVC.Service", "UnityDIMVC.Service\UnityDIMVC.Service.csproj", "{5DFFA8FA-8E23-4F78-936C-8C0D05ED72F7}"
EndProject
Project("{FAE04EC0-301F-11D3-BF4B-00C04F79EFBC}") = "UnityDIMVC.UnitTesting", "UnityDIMVC.UnitTesting\UnityDIMVC.UnitTesting.csproj", "{1BFE839E-FFD7-4694-B182-1540387CA836}"
EndProject
Global
	GlobalSection(SolutionConfigurationPlatforms) = preSolution
		Debug|Any CPU = Debug|Any CPU
		Release|Any CPU = Release|Any CPU
	EndGlobalSection
	GlobalSection(ProjectConfigurationPlatforms) = postSolution
		{2368DB9F-7DED-463D-B32E-4612CF1F3700}.Debug|Any CPU.ActiveCfg = Debug|Any CPU
		{2368DB9F-7DED-463D-B32E-4612CF1F3700}.Debug|Any CPU.Build.0 = Debug|Any CPU
		{2368DB9F-7DED-463D-B32E-4612CF1F3700}.Release|Any CPU.ActiveCfg = Release|Any CPU
		{2368DB9F-7DED-463D-B32E-4612CF1F3700}.Release|Any CPU.Build.0 = Release|Any CPU
		{866BBE87-5226-43A3-A8F0-0E40BA81F028}.Debug|Any CPU.ActiveCfg = Debug|Any CPU
		{866BBE87-5226-43A3-A8F0-0E40BA81F028}.Debug|Any CPU.Build.0 = Debug|Any CPU
		{866BBE87-5226-43A3-A8F0-0E40BA81F028}.Release|Any CPU.ActiveCfg = Release|Any CPU
		{866BBE87-5226-43A3-A8F0-0E40BA81F028}.Release|Any CPU.Build.0 = Release|Any CPU
		{605F721E-6373-4CA5-A11A-B1A1F59A47C2}.Debug|Any CPU.ActiveCfg = Debug|Any CPU
		{605F721E-6373-4CA5-A11A-B1A1F59A47C2}.Debug|Any CPU.Build.0 = Debug|Any CPU
		{605F721E-6373-4CA5-A11A-B1A1F59A47C2}.Release|Any CPU.ActiveCfg = Release|Any CPU
		{605F721E-6373-4CA5-A11A-B1A1F59A47C2}.Release|Any CPU.Build.0 = Release|Any CPU
		{5DFFA8FA-8E23-4F78-936C-8C0D05ED72F7}.Debug|Any CPU.ActiveCfg = Debug|Any CPU
		{5DFFA8FA-8E23-4F78-936C-8C0D05ED72F7}.Debug|Any CPU.Build.0 = Debug|Any CPU
		{5DFFA8FA-8E23-4F78-936C-8C0D05ED72F7}.Release|Any CPU.ActiveCfg = Release|Any CPU
		{5DFFA8FA-8E23-4F78-936C-8C0D05ED72F7}.Release|Any CPU.Build.0 = Release|Any CPU
		{1BFE839E-FFD7-4694-B182-1540387CA836}.Debug|Any CPU.ActiveCfg = Debug|Any CPU
		{1BFE839E-FFD7-4694-B182-1540387CA836}.Debug|Any CPU.Build.0 = Debug|Any CPU
		{1BFE839E-FFD7-4694-B182-1540387CA836}.Release|Any CPU.ActiveCfg = Release|Any CPU
		{1BFE839E-FFD7-4694-B182-1540387CA836}.Release|Any CPU.Build.0 = Release|Any CPU
	EndGlobalSection
	GlobalSection(SolutionProperties) = preSolution
		HideSolutionNode = FALSE
	EndGlobalSection
	GlobalSection(ExtensibilityGlobals) = postSolution
		SolutionGuid = {0D680243-164A-4A92-BACE-F0EAF88B7D0C}
	EndGlobalSection
EndGlobal
